{
  "version": 4,
  "terraform_version": "1.11.2",
  "serial": 49,
  "lineage": "f976f6bd-f5dd-9818-7ff9-e284f0075aff",
  "outputs": {},
  "resources": [
    {
      "module": "module.linux_vm_backend",
      "mode": "data",
      "type": "azurerm_public_ip",
      "name": "pip_data",
      "provider": "provider[\"registry.terraform.io/hashicorp/azurerm\"]",
      "instances": [
        {
          "schema_version": 0,
          "attributes": {
            "allocation_method": "Static",
            "ddos_protection_mode": "VirtualNetworkInherited",
            "ddos_protection_plan_id": null,
            "domain_name_label": "",
            "fqdn": "",
            "id": "/subscriptions/ee48164e-5213-45f8-918e-d716422871db/resourceGroups/abhipriya_rg/providers/Microsoft.Network/publicIPAddresses/abhipriya_backend_pip",
            "idle_timeout_in_minutes": 4,
            "ip_address": "57.154.179.138",
            "ip_tags": {},
            "ip_version": "IPv4",
            "location": "westus",
            "name": "abhipriya_backend_pip",
            "resource_group_name": "abhipriya_rg",
            "reverse_fqdn": "",
            "sku": "Standard",
            "tags": {},
            "timeouts": null,
            "zones": []
          },
          "sensitive_attributes": []
        }
      ]
    },
    {
      "module": "module.linux_vm_backend",
      "mode": "data",
      "type": "azurerm_subnet",
      "name": "subnet_data",
      "provider": "provider[\"registry.terraform.io/hashicorp/azurerm\"]",
      "instances": [
        {
          "schema_version": 0,
          "attributes": {
            "address_prefix": "10.0.2.0/24",
            "address_prefixes": [
              "10.0.2.0/24"
            ],
            "default_outbound_access_enabled": true,
            "id": "/subscriptions/ee48164e-5213-45f8-918e-d716422871db/resourceGroups/abhipriya_rg/providers/Microsoft.Network/virtualNetworks/abhipriya_vnet/subnets/abhipriya_backend_sub",
            "name": "abhipriya_backend_sub",
            "network_security_group_id": "",
            "private_endpoint_network_policies": "Disabled",
            "private_link_service_network_policies_enabled": true,
            "resource_group_name": "abhipriya_rg",
            "route_table_id": "",
            "service_endpoints": [],
            "timeouts": null,
            "virtual_network_name": "abhipriya_vnet"
          },
          "sensitive_attributes": []
        }
      ]
    },
    {
      "module": "module.linux_vm_backend",
      "mode": "managed",
      "type": "azurerm_network_interface",
      "name": "nic",
      "provider": "provider[\"registry.terraform.io/hashicorp/azurerm\"]",
      "instances": [
        {
          "schema_version": 0,
          "attributes": {
            "accelerated_networking_enabled": false,
            "applied_dns_servers": [],
            "auxiliary_mode": "",
            "auxiliary_sku": "",
            "dns_servers": null,
            "edge_zone": "",
            "id": "/subscriptions/ee48164e-5213-45f8-918e-d716422871db/resourceGroups/abhipriya_rg/providers/Microsoft.Network/networkInterfaces/abhipriya_nic_backend",
            "internal_dns_name_label": "",
            "internal_domain_name_suffix": "an1o4yqedk3uzheczsdori1zag.dx.internal.cloudapp.net",
            "ip_configuration": [
              {
                "gateway_load_balancer_frontend_ip_configuration_id": "",
                "name": "internal",
                "primary": true,
                "private_ip_address": "10.0.2.4",
                "private_ip_address_allocation": "Dynamic",
                "private_ip_address_version": "IPv4",
                "public_ip_address_id": "/subscriptions/ee48164e-5213-45f8-918e-d716422871db/resourceGroups/abhipriya_rg/providers/Microsoft.Network/publicIPAddresses/abhipriya_backend_pip",
                "subnet_id": "/subscriptions/ee48164e-5213-45f8-918e-d716422871db/resourceGroups/abhipriya_rg/providers/Microsoft.Network/virtualNetworks/abhipriya_vnet/subnets/abhipriya_backend_sub"
              }
            ],
            "ip_forwarding_enabled": false,
            "location": "westus",
            "mac_address": "",
            "name": "abhipriya_nic_backend",
            "private_ip_address": "10.0.2.4",
            "private_ip_addresses": [
              "10.0.2.4"
            ],
            "resource_group_name": "abhipriya_rg",
            "tags": null,
            "timeouts": null,
            "virtual_machine_id": ""
          },
          "sensitive_attributes": [],
          "private": "eyJlMmJmYjczMC1lY2FhLTExZTYtOGY4OC0zNDM2M2JjN2M0YzAiOnsiY3JlYXRlIjoxODAwMDAwMDAwMDAwLCJkZWxldGUiOjE4MDAwMDAwMDAwMDAsInJlYWQiOjMwMDAwMDAwMDAwMCwidXBkYXRlIjoxODAwMDAwMDAwMDAwfX0=",
          "dependencies": [
            "module.linux_vm_backend.data.azurerm_public_ip.pip_data",
            "module.linux_vm_backend.data.azurerm_subnet.subnet_data",
            "module.pip_backend.azurerm_public_ip.pip",
            "module.resource_group.azurerm_resource_group.rg_name",
            "module.subnet_backend.azurerm_subnet.subnet",
            "module.virtual_network.azurerm_virtual_network.vnet_name"
          ]
        }
      ]
    },
    {
      "module": "module.linux_vm_frontend",
      "mode": "data",
      "type": "azurerm_public_ip",
      "name": "pip_data",
      "provider": "provider[\"registry.terraform.io/hashicorp/azurerm\"]",
      "instances": [
        {
          "schema_version": 0,
          "attributes": {
            "allocation_method": "Static",
            "ddos_protection_mode": "VirtualNetworkInherited",
            "ddos_protection_plan_id": null,
            "domain_name_label": "",
            "fqdn": "",
            "id": "/subscriptions/ee48164e-5213-45f8-918e-d716422871db/resourceGroups/abhipriya_rg/providers/Microsoft.Network/publicIPAddresses/abhipriya_front_pip",
            "idle_timeout_in_minutes": 4,
            "ip_address": "172.184.115.43",
            "ip_tags": {},
            "ip_version": "IPv4",
            "location": "westus",
            "name": "abhipriya_front_pip",
            "resource_group_name": "abhipriya_rg",
            "reverse_fqdn": "",
            "sku": "Standard",
            "tags": {},
            "timeouts": null,
            "zones": []
          },
          "sensitive_attributes": []
        }
      ]
    },
    {
      "module": "module.linux_vm_frontend",
      "mode": "data",
      "type": "azurerm_subnet",
      "name": "subnet_data",
      "provider": "provider[\"registry.terraform.io/hashicorp/azurerm\"]",
      "instances": [
        {
          "schema_version": 0,
          "attributes": {
            "address_prefix": "10.0.1.0/24",
            "address_prefixes": [
              "10.0.1.0/24"
            ],
            "default_outbound_access_enabled": true,
            "id": "/subscriptions/ee48164e-5213-45f8-918e-d716422871db/resourceGroups/abhipriya_rg/providers/Microsoft.Network/virtualNetworks/abhipriya_vnet/subnets/abhipriya_frontend_sub",
            "name": "abhipriya_frontend_sub",
            "network_security_group_id": "",
            "private_endpoint_network_policies": "Disabled",
            "private_link_service_network_policies_enabled": true,
            "resource_group_name": "abhipriya_rg",
            "route_table_id": "",
            "service_endpoints": [],
            "timeouts": null,
            "virtual_network_name": "abhipriya_vnet"
          },
          "sensitive_attributes": []
        }
      ]
    },
    {
      "module": "module.linux_vm_frontend",
      "mode": "managed",
      "type": "azurerm_network_interface",
      "name": "nic",
      "provider": "provider[\"registry.terraform.io/hashicorp/azurerm\"]",
      "instances": [
        {
          "schema_version": 0,
          "attributes": {
            "accelerated_networking_enabled": false,
            "applied_dns_servers": [],
            "auxiliary_mode": "",
            "auxiliary_sku": "",
            "dns_servers": null,
            "edge_zone": "",
            "id": "/subscriptions/ee48164e-5213-45f8-918e-d716422871db/resourceGroups/abhipriya_rg/providers/Microsoft.Network/networkInterfaces/abhipriya_nic_frontend",
            "internal_dns_name_label": "",
            "internal_domain_name_suffix": "an1o4yqedk3uzheczsdori1zag.dx.internal.cloudapp.net",
            "ip_configuration": [
              {
                "gateway_load_balancer_frontend_ip_configuration_id": "",
                "name": "internal",
                "primary": true,
                "private_ip_address": "10.0.1.4",
                "private_ip_address_allocation": "Dynamic",
                "private_ip_address_version": "IPv4",
                "public_ip_address_id": "/subscriptions/ee48164e-5213-45f8-918e-d716422871db/resourceGroups/abhipriya_rg/providers/Microsoft.Network/publicIPAddresses/abhipriya_front_pip",
                "subnet_id": "/subscriptions/ee48164e-5213-45f8-918e-d716422871db/resourceGroups/abhipriya_rg/providers/Microsoft.Network/virtualNetworks/abhipriya_vnet/subnets/abhipriya_frontend_sub"
              }
            ],
            "ip_forwarding_enabled": false,
            "location": "westus",
            "mac_address": "",
            "name": "abhipriya_nic_frontend",
            "private_ip_address": "10.0.1.4",
            "private_ip_addresses": [
              "10.0.1.4"
            ],
            "resource_group_name": "abhipriya_rg",
            "tags": null,
            "timeouts": null,
            "virtual_machine_id": ""
          },
          "sensitive_attributes": [],
          "private": "eyJlMmJmYjczMC1lY2FhLTExZTYtOGY4OC0zNDM2M2JjN2M0YzAiOnsiY3JlYXRlIjoxODAwMDAwMDAwMDAwLCJkZWxldGUiOjE4MDAwMDAwMDAwMDAsInJlYWQiOjMwMDAwMDAwMDAwMCwidXBkYXRlIjoxODAwMDAwMDAwMDAwfX0=",
          "dependencies": [
            "module.linux_vm_frontend.data.azurerm_public_ip.pip_data",
            "module.linux_vm_frontend.data.azurerm_subnet.subnet_data",
            "module.pip_frontend.azurerm_public_ip.pip",
            "module.resource_group.azurerm_resource_group.rg_name",
            "module.subnet_frontend.azurerm_subnet.subnet",
            "module.virtual_network.azurerm_virtual_network.vnet_name"
          ]
        }
      ]
    },
    {
      "module": "module.pip_backend",
      "mode": "managed",
      "type": "azurerm_public_ip",
      "name": "pip",
      "provider": "provider[\"registry.terraform.io/hashicorp/azurerm\"]",
      "instances": [
        {
          "schema_version": 0,
          "attributes": {
            "allocation_method": "Static",
            "ddos_protection_mode": "VirtualNetworkInherited",
            "ddos_protection_plan_id": null,
            "domain_name_label": null,
            "domain_name_label_scope": null,
            "edge_zone": "",
            "fqdn": null,
            "id": "/subscriptions/ee48164e-5213-45f8-918e-d716422871db/resourceGroups/abhipriya_rg/providers/Microsoft.Network/publicIPAddresses/abhipriya_backend_pip",
            "idle_timeout_in_minutes": 4,
            "ip_address": "57.154.179.138",
            "ip_tags": null,
            "ip_version": "IPv4",
            "location": "westus",
            "name": "abhipriya_backend_pip",
            "public_ip_prefix_id": null,
            "resource_group_name": "abhipriya_rg",
            "reverse_fqdn": null,
            "sku": "Standard",
            "sku_tier": "Regional",
            "tags": null,
            "timeouts": null,
            "zones": null
          },
          "sensitive_attributes": [],
          "private": "eyJlMmJmYjczMC1lY2FhLTExZTYtOGY4OC0zNDM2M2JjN2M0YzAiOnsiY3JlYXRlIjoxODAwMDAwMDAwMDAwLCJkZWxldGUiOjE4MDAwMDAwMDAwMDAsInJlYWQiOjMwMDAwMDAwMDAwMCwidXBkYXRlIjoxODAwMDAwMDAwMDAwfX0=",
          "dependencies": [
            "module.resource_group.azurerm_resource_group.rg_name"
          ]
        }
      ]
    },
    {
      "module": "module.pip_frontend",
      "mode": "managed",
      "type": "azurerm_public_ip",
      "name": "pip",
      "provider": "provider[\"registry.terraform.io/hashicorp/azurerm\"]",
      "instances": [
        {
          "schema_version": 0,
          "attributes": {
            "allocation_method": "Static",
            "ddos_protection_mode": "VirtualNetworkInherited",
            "ddos_protection_plan_id": null,
            "domain_name_label": null,
            "domain_name_label_scope": null,
            "edge_zone": "",
            "fqdn": null,
            "id": "/subscriptions/ee48164e-5213-45f8-918e-d716422871db/resourceGroups/abhipriya_rg/providers/Microsoft.Network/publicIPAddresses/abhipriya_front_pip",
            "idle_timeout_in_minutes": 4,
            "ip_address": "172.184.115.43",
            "ip_tags": null,
            "ip_version": "IPv4",
            "location": "westus",
            "name": "abhipriya_front_pip",
            "public_ip_prefix_id": null,
            "resource_group_name": "abhipriya_rg",
            "reverse_fqdn": null,
            "sku": "Standard",
            "sku_tier": "Regional",
            "tags": null,
            "timeouts": null,
            "zones": null
          },
          "sensitive_attributes": [],
          "private": "eyJlMmJmYjczMC1lY2FhLTExZTYtOGY4OC0zNDM2M2JjN2M0YzAiOnsiY3JlYXRlIjoxODAwMDAwMDAwMDAwLCJkZWxldGUiOjE4MDAwMDAwMDAwMDAsInJlYWQiOjMwMDAwMDAwMDAwMCwidXBkYXRlIjoxODAwMDAwMDAwMDAwfX0=",
          "dependencies": [
            "module.resource_group.azurerm_resource_group.rg_name"
          ]
        }
      ]
    },
    {
      "module": "module.resource_group",
      "mode": "managed",
      "type": "azurerm_resource_group",
      "name": "rg_name",
      "provider": "provider[\"registry.terraform.io/hashicorp/azurerm\"]",
      "instances": [
        {
          "schema_version": 0,
          "attributes": {
            "id": "/subscriptions/ee48164e-5213-45f8-918e-d716422871db/resourceGroups/abhipriya_rg",
            "location": "westus",
            "managed_by": "",
            "name": "abhipriya_rg",
            "tags": null,
            "timeouts": null
          },
          "sensitive_attributes": [],
          "private": "eyJlMmJmYjczMC1lY2FhLTExZTYtOGY4OC0zNDM2M2JjN2M0YzAiOnsiY3JlYXRlIjo1NDAwMDAwMDAwMDAwLCJkZWxldGUiOjU0MDAwMDAwMDAwMDAsInJlYWQiOjMwMDAwMDAwMDAwMCwidXBkYXRlIjo1NDAwMDAwMDAwMDAwfX0="
        }
      ]
    },
    {
      "module": "module.sql_server",
      "mode": "managed",
      "type": "azurerm_mssql_server",
      "name": "sql_server",
      "provider": "provider[\"registry.terraform.io/hashicorp/azurerm\"]",
      "instances": [
        {
          "schema_version": 0,
          "attributes": {
            "administrator_login": "sqladmin",
            "administrator_login_password": "P@ssw0rd1234!",
            "administrator_login_password_wo": null,
            "administrator_login_password_wo_version": 0,
            "azuread_administrator": [],
            "connection_policy": "Default",
            "express_vulnerability_assessment_enabled": false,
            "fully_qualified_domain_name": "abhipriyaserver1992.database.windows.net",
            "id": "/subscriptions/ee48164e-5213-45f8-918e-d716422871db/resourceGroups/abhipriya_rg/providers/Microsoft.Sql/servers/abhipriyaserver1992",
            "identity": [],
            "location": "westus",
            "minimum_tls_version": "1.2",
            "name": "abhipriyaserver1992",
            "outbound_network_restriction_enabled": false,
            "primary_user_assigned_identity_id": "",
            "public_network_access_enabled": true,
            "resource_group_name": "abhipriya_rg",
            "restorable_dropped_database_ids": [],
            "tags": null,
            "timeouts": null,
            "transparent_data_encryption_key_vault_key_id": "",
            "version": "12.0"
          },
          "sensitive_attributes": [
            [
              {
                "type": "get_attr",
                "value": "administrator_login_password_wo"
              }
            ],
            [
              {
                "type": "get_attr",
                "value": "administrator_login_password"
              }
            ]
          ],
          "private": "eyJlMmJmYjczMC1lY2FhLTExZTYtOGY4OC0zNDM2M2JjN2M0YzAiOnsiY3JlYXRlIjozNjAwMDAwMDAwMDAwLCJkZWxldGUiOjM2MDAwMDAwMDAwMDAsInJlYWQiOjMwMDAwMDAwMDAwMCwidXBkYXRlIjozNjAwMDAwMDAwMDAwfX0=",
          "dependencies": [
            "module.resource_group.azurerm_resource_group.rg_name"
          ]
        }
      ]
    },
    {
      "module": "module.subnet_backend",
      "mode": "managed",
      "type": "azurerm_subnet",
      "name": "subnet",
      "provider": "provider[\"registry.terraform.io/hashicorp/azurerm\"]",
      "instances": [
        {
          "schema_version": 0,
          "attributes": {
            "address_prefixes": [
              "10.0.2.0/24"
            ],
            "default_outbound_access_enabled": true,
            "delegation": [],
            "id": "/subscriptions/ee48164e-5213-45f8-918e-d716422871db/resourceGroups/abhipriya_rg/providers/Microsoft.Network/virtualNetworks/abhipriya_vnet/subnets/abhipriya_backend_sub",
            "name": "abhipriya_backend_sub",
            "private_endpoint_network_policies": "Disabled",
            "private_link_service_network_policies_enabled": true,
            "resource_group_name": "abhipriya_rg",
            "service_endpoint_policy_ids": null,
            "service_endpoints": null,
            "timeouts": null,
            "virtual_network_name": "abhipriya_vnet"
          },
          "sensitive_attributes": [],
          "private": "eyJlMmJmYjczMC1lY2FhLTExZTYtOGY4OC0zNDM2M2JjN2M0YzAiOnsiY3JlYXRlIjoxODAwMDAwMDAwMDAwLCJkZWxldGUiOjE4MDAwMDAwMDAwMDAsInJlYWQiOjMwMDAwMDAwMDAwMCwidXBkYXRlIjoxODAwMDAwMDAwMDAwfX0=",
          "dependencies": [
            "module.resource_group.azurerm_resource_group.rg_name",
            "module.virtual_network.azurerm_virtual_network.vnet_name"
          ]
        }
      ]
    },
    {
      "module": "module.subnet_frontend",
      "mode": "managed",
      "type": "azurerm_subnet",
      "name": "subnet",
      "provider": "provider[\"registry.terraform.io/hashicorp/azurerm\"]",
      "instances": [
        {
          "schema_version": 0,
          "attributes": {
            "address_prefixes": [
              "10.0.1.0/24"
            ],
            "default_outbound_access_enabled": true,
            "delegation": [],
            "id": "/subscriptions/ee48164e-5213-45f8-918e-d716422871db/resourceGroups/abhipriya_rg/providers/Microsoft.Network/virtualNetworks/abhipriya_vnet/subnets/abhipriya_frontend_sub",
            "name": "abhipriya_frontend_sub",
            "private_endpoint_network_policies": "Disabled",
            "private_link_service_network_policies_enabled": true,
            "resource_group_name": "abhipriya_rg",
            "service_endpoint_policy_ids": null,
            "service_endpoints": null,
            "timeouts": null,
            "virtual_network_name": "abhipriya_vnet"
          },
          "sensitive_attributes": [],
          "private": "eyJlMmJmYjczMC1lY2FhLTExZTYtOGY4OC0zNDM2M2JjN2M0YzAiOnsiY3JlYXRlIjoxODAwMDAwMDAwMDAwLCJkZWxldGUiOjE4MDAwMDAwMDAwMDAsInJlYWQiOjMwMDAwMDAwMDAwMCwidXBkYXRlIjoxODAwMDAwMDAwMDAwfX0=",
          "dependencies": [
            "module.resource_group.azurerm_resource_group.rg_name",
            "module.virtual_network.azurerm_virtual_network.vnet_name"
          ]
        }
      ]
    },
    {
      "module": "module.virtual_network",
      "mode": "managed",
      "type": "azurerm_virtual_network",
      "name": "vnet_name",
      "provider": "provider[\"registry.terraform.io/hashicorp/azurerm\"]",
      "instances": [
        {
          "schema_version": 0,
          "attributes": {
            "address_space": [
              "10.0.0.0/16"
            ],
            "bgp_community": "",
            "ddos_protection_plan": [],
            "dns_servers": [],
            "edge_zone": "",
            "encryption": [],
            "flow_timeout_in_minutes": 0,
            "guid": "62ef7603-1a04-4cbb-9c82-cc86e8a37906",
            "id": "/subscriptions/ee48164e-5213-45f8-918e-d716422871db/resourceGroups/abhipriya_rg/providers/Microsoft.Network/virtualNetworks/abhipriya_vnet",
            "ip_address_pool": [],
            "location": "westus",
            "name": "abhipriya_vnet",
            "private_endpoint_vnet_policies": "Disabled",
            "resource_group_name": "abhipriya_rg",
            "subnet": [],
            "tags": null,
            "timeouts": null
          },
          "sensitive_attributes": [],
          "private": "eyJlMmJmYjczMC1lY2FhLTExZTYtOGY4OC0zNDM2M2JjN2M0YzAiOnsiY3JlYXRlIjoxODAwMDAwMDAwMDAwLCJkZWxldGUiOjE4MDAwMDAwMDAwMDAsInJlYWQiOjMwMDAwMDAwMDAwMCwidXBkYXRlIjoxODAwMDAwMDAwMDAwfX0=",
          "dependencies": [
            "module.resource_group.azurerm_resource_group.rg_name"
          ]
        }
      ]
    }
  ],
  "check_results": null
}
